{
  "name": "math-spectral-norm",
  "version": "1.0.0",
  "lockfileVersion": 1,
  "requires": true,
  "dependencies": {
    "@assemblyscript/loader": {
      "version": "0.10.0",
      "resolved": "https://registry.npmjs.org/@assemblyscript/loader/-/loader-0.10.0.tgz",
      "integrity": "sha512-r8HhhNUilfzDsZLlj3n4m+J3m/TPpP2vBPRijmKVtBE6VBYFJ8kQOLhIVDl0Br72RUKVRuNNYcqJiwUiSUHP6g=="
    },
    "asc": {
      "version": "2.0.2",
      "resolved": "https://registry.npmjs.org/asc/-/asc-2.0.2.tgz",
      "integrity": "sha512-ipdv3A2sgmtkw1d5fMyWTBgqgRmllPUUcd6hdcFSDU5gzfZoVTj0NvDuOBz+N076UhCULJlwvJ5J5vxxVw6hmA==",
      "requires": {
        "async": "2.6.2",
        "doublescore": "1.0.0"
      }
    },
    "assemblyscript": {
      "version": "0.10.0",
      "resolved": "https://registry.npmjs.org/assemblyscript/-/assemblyscript-0.10.0.tgz",
      "integrity": "sha512-ErUNhHboD+zsB4oG6X1YICDAIo27Gq7LeNX6jVe+Q0W5cI51/fHwC8yJ68IukqvupmZgYPdp1JqqRXlS+BrUfA==",
      "dev": true,
      "requires": {
        "binaryen": "93.0.0-nightly.20200514",
        "long": "^4.0.0"
      }
    },
    "async": {
      "version": "2.6.2",
      "resolved": "https://registry.npmjs.org/async/-/async-2.6.2.tgz",
      "integrity": "sha512-H1qVYh1MYhEEFLsP97cVKqCGo7KfCyTt6uEWqsTBr9SO84oK9Uwbyd/yCW+6rKJLHksBNUVWZDAjfS+Ccx0Bbg==",
      "requires": {
        "lodash": "^4.17.11"
      }
    },
    "binaryen": {
      "version": "93.0.0-nightly.20200514",
      "resolved": "https://registry.npmjs.org/binaryen/-/binaryen-93.0.0-nightly.20200514.tgz",
      "integrity": "sha512-SRRItmNvhRVfoWWbRloO4i8IqkKH8rZ7/0QWRgLpM3umupK8gBpo9MY7Zp3pDysRSp+rVoqxvM5x4tFyCSa9zw==",
      "dev": true
    },
    "doublescore": {
      "version": "1.0.0",
      "resolved": "https://registry.npmjs.org/doublescore/-/doublescore-1.0.0.tgz",
      "integrity": "sha512-oQiz8h433jrhQC5w/bpTiaegrpoia1+xCDhY/LMHKFVWm+zILeV4VcQPflFdkIzXcaNa78toIYz0jjFGa2Igew=="
    },
    "lodash": {
      "version": "4.17.15",
      "resolved": "https://registry.npmjs.org/lodash/-/lodash-4.17.15.tgz",
      "integrity": "sha512-8xOcRHvCjnocdS5cpwXQXVzmmh5e5+saE2QGoeQmbKmRS6J3VQppPOIt0MnmE+4xlZoumy0GPG0D0MVIQbNA1A=="
    },
    "long": {
      "version": "4.0.0",
      "resolved": "https://registry.npmjs.org/long/-/long-4.0.0.tgz",
      "integrity": "sha512-XsP+KhQif4bjX1kbuSiySJFNAehNxgLb6hPRGJ9QsUr8ajHkuXGdrHmFUTUUXhDwVX2R5bY4JNZEwbUiMhV+MA==",
      "dev": true
    }
  }
}
